github.com/joho/godotenv v1.5.1 h1:7eLL/+HRGLY0ldzfGMeQkb7vMd0as4CfYvUVzLqw0N0=
github.com/joho/godotenv v1.5.1/go.mod h1:f4LDr5Voq0i2e/R5DDNOoa2zzDfwtkZa6DnEwAbqwq4=
miniflux.app/v2 v2.2.14 h1:dU5nVpiW9xWJMsRYvd297yodKEdZW4hnzIrFEVY9zps=
miniflux.app/v2 v2.2.14/go.mod h1:84rpT/NN/1vcClVlQ90JVcVBcqefKqY2oN+fbbwSCCQ=
